
Microsoft Visual Studio Solution File, Format Version 12.00
# Visual Studio Version 17
VisualStudioVersion = 17.11.35327.3
MinimumVisualStudioVersion = 10.0.40219.1
Project("{9A19103F-16F7-4668-BE54-9A1E7A4F7556}") = "WebAPI", "Source\API\WebAPI\WebAPI.csproj", "{6B8E34D2-1660-47BC-B5DE-0CDFB2D76EE9}"
EndProject
Project("{9A19103F-16F7-4668-BE54-9A1E7A4F7556}") = "DesignPatternsDemo", "Source\API\DesignPatternsDemo\DesignPatternsDemo.csproj", "{97C7FFBD-D4A7-47CA-B9DF-9369FA18955B}"
EndProject
Project("{FAE04EC0-301F-11D3-BF4B-00C04F79EFBC}") = "AWSDemo", "AWSDemo\AWSDemo.csproj", "{3EC4B45F-B9A2-40E2-857C-A9D5BAA842B3}"
EndProject
Project("{FAE04EC0-301F-11D3-BF4B-00C04F79EFBC}") = "Common", "Common\Common.csproj", "{12C71E6E-AD33-4341-B0ED-E8098C21A20C}"
EndProject
Project("{2150E333-8FDC-42A3-9474-1A3956D46DE8}") = "CleanArchitecture", "CleanArchitecture", "{AB7ADB6C-3429-4970-A789-7A9AB1DACE7A}"
EndProject
Project("{2150E333-8FDC-42A3-9474-1A3956D46DE8}") = "Domain", "Domain", "{9452C2E1-01CA-4A8B-AE00-C6351219152A}"
EndProject
Project("{FAE04EC0-301F-11D3-BF4B-00C04F79EFBC}") = "Domain", "CleanArchitecture\Domain\Domain\Domain.csproj", "{FE8CB8C4-FE11-425D-95E1-EC29678A8627}"
EndProject
Project("{2150E333-8FDC-42A3-9474-1A3956D46DE8}") = "Application", "Application", "{E719A0A9-55DB-4A32-80E8-B46EB8A9639F}"
EndProject
Project("{FAE04EC0-301F-11D3-BF4B-00C04F79EFBC}") = "Application", "CleanArchitecture\Application\Application\Application.csproj", "{1F424A9C-4AA9-46D8-AA0A-FE32FB8F26E8}"
EndProject
Project("{2150E333-8FDC-42A3-9474-1A3956D46DE8}") = "Infrastructure", "Infrastructure", "{1B4F1F0A-D726-4712-80C9-8871A319DFD8}"
EndProject
Project("{FAE04EC0-301F-11D3-BF4B-00C04F79EFBC}") = "Infrastructure", "CleanArchitecture\Infrastructure\Infrastructure\Infrastructure.csproj", "{0FD62D2C-0233-487D-B2CF-37639E60EF42}"
EndProject
Project("{2150E333-8FDC-42A3-9474-1A3956D46DE8}") = "Api", "Api", "{0990F04D-0AD3-4A0E-B551-9CA220E7AAAA}"
EndProject
Project("{FAE04EC0-301F-11D3-BF4B-00C04F79EFBC}") = "Api", "CleanArchitecture\Api\Api\Api.csproj", "{E9027137-C531-4494-92D1-AF154E4BF295}"
EndProject
Global
	GlobalSection(SolutionConfigurationPlatforms) = preSolution
		Debug|Any CPU = Debug|Any CPU
		Release|Any CPU = Release|Any CPU
	EndGlobalSection
	GlobalSection(ProjectConfigurationPlatforms) = postSolution
		{6B8E34D2-1660-47BC-B5DE-0CDFB2D76EE9}.Debug|Any CPU.ActiveCfg = Debug|Any CPU
		{6B8E34D2-1660-47BC-B5DE-0CDFB2D76EE9}.Debug|Any CPU.Build.0 = Debug|Any CPU
		{6B8E34D2-1660-47BC-B5DE-0CDFB2D76EE9}.Release|Any CPU.ActiveCfg = Release|Any CPU
		{6B8E34D2-1660-47BC-B5DE-0CDFB2D76EE9}.Release|Any CPU.Build.0 = Release|Any CPU
		{97C7FFBD-D4A7-47CA-B9DF-9369FA18955B}.Debug|Any CPU.ActiveCfg = Debug|Any CPU
		{97C7FFBD-D4A7-47CA-B9DF-9369FA18955B}.Debug|Any CPU.Build.0 = Debug|Any CPU
		{97C7FFBD-D4A7-47CA-B9DF-9369FA18955B}.Release|Any CPU.ActiveCfg = Release|Any CPU
		{97C7FFBD-D4A7-47CA-B9DF-9369FA18955B}.Release|Any CPU.Build.0 = Release|Any CPU
		{3EC4B45F-B9A2-40E2-857C-A9D5BAA842B3}.Debug|Any CPU.ActiveCfg = Debug|Any CPU
		{3EC4B45F-B9A2-40E2-857C-A9D5BAA842B3}.Debug|Any CPU.Build.0 = Debug|Any CPU
		{3EC4B45F-B9A2-40E2-857C-A9D5BAA842B3}.Release|Any CPU.ActiveCfg = Release|Any CPU
		{3EC4B45F-B9A2-40E2-857C-A9D5BAA842B3}.Release|Any CPU.Build.0 = Release|Any CPU
		{12C71E6E-AD33-4341-B0ED-E8098C21A20C}.Debug|Any CPU.ActiveCfg = Debug|Any CPU
		{12C71E6E-AD33-4341-B0ED-E8098C21A20C}.Debug|Any CPU.Build.0 = Debug|Any CPU
		{12C71E6E-AD33-4341-B0ED-E8098C21A20C}.Release|Any CPU.ActiveCfg = Release|Any CPU
		{12C71E6E-AD33-4341-B0ED-E8098C21A20C}.Release|Any CPU.Build.0 = Release|Any CPU
		{FE8CB8C4-FE11-425D-95E1-EC29678A8627}.Debug|Any CPU.ActiveCfg = Debug|Any CPU
		{FE8CB8C4-FE11-425D-95E1-EC29678A8627}.Debug|Any CPU.Build.0 = Debug|Any CPU
		{FE8CB8C4-FE11-425D-95E1-EC29678A8627}.Release|Any CPU.ActiveCfg = Release|Any CPU
		{FE8CB8C4-FE11-425D-95E1-EC29678A8627}.Release|Any CPU.Build.0 = Release|Any CPU
		{1F424A9C-4AA9-46D8-AA0A-FE32FB8F26E8}.Debug|Any CPU.ActiveCfg = Debug|Any CPU
		{1F424A9C-4AA9-46D8-AA0A-FE32FB8F26E8}.Debug|Any CPU.Build.0 = Debug|Any CPU
		{1F424A9C-4AA9-46D8-AA0A-FE32FB8F26E8}.Release|Any CPU.ActiveCfg = Release|Any CPU
		{1F424A9C-4AA9-46D8-AA0A-FE32FB8F26E8}.Release|Any CPU.Build.0 = Release|Any CPU
		{0FD62D2C-0233-487D-B2CF-37639E60EF42}.Debug|Any CPU.ActiveCfg = Debug|Any CPU
		{0FD62D2C-0233-487D-B2CF-37639E60EF42}.Debug|Any CPU.Build.0 = Debug|Any CPU
		{0FD62D2C-0233-487D-B2CF-37639E60EF42}.Release|Any CPU.ActiveCfg = Release|Any CPU
		{0FD62D2C-0233-487D-B2CF-37639E60EF42}.Release|Any CPU.Build.0 = Release|Any CPU
		{E9027137-C531-4494-92D1-AF154E4BF295}.Debug|Any CPU.ActiveCfg = Debug|Any CPU
		{E9027137-C531-4494-92D1-AF154E4BF295}.Debug|Any CPU.Build.0 = Debug|Any CPU
		{E9027137-C531-4494-92D1-AF154E4BF295}.Release|Any CPU.ActiveCfg = Release|Any CPU
		{E9027137-C531-4494-92D1-AF154E4BF295}.Release|Any CPU.Build.0 = Release|Any CPU
	EndGlobalSection
	GlobalSection(SolutionProperties) = preSolution
		HideSolutionNode = FALSE
	EndGlobalSection
	GlobalSection(ExtensibilityGlobals) = postSolution
		SolutionGuid = {AB6F46D1-91BB-40FB-A438-8EF723C3E65B}
	EndGlobalSection
	GlobalSection(NestedProjects) = preSolution
		{9452C2E1-01CA-4A8B-AE00-C6351219152A} = {AB7ADB6C-3429-4970-A789-7A9AB1DACE7A}
		{FE8CB8C4-FE11-425D-95E1-EC29678A8627} = {9452C2E1-01CA-4A8B-AE00-C6351219152A}
		{E719A0A9-55DB-4A32-80E8-B46EB8A9639F} = {AB7ADB6C-3429-4970-A789-7A9AB1DACE7A}
		{1F424A9C-4AA9-46D8-AA0A-FE32FB8F26E8} = {E719A0A9-55DB-4A32-80E8-B46EB8A9639F}
		{1B4F1F0A-D726-4712-80C9-8871A319DFD8} = {AB7ADB6C-3429-4970-A789-7A9AB1DACE7A}
		{0FD62D2C-0233-487D-B2CF-37639E60EF42} = {1B4F1F0A-D726-4712-80C9-8871A319DFD8}
		{0990F04D-0AD3-4A0E-B551-9CA220E7AAAA} = {AB7ADB6C-3429-4970-A789-7A9AB1DACE7A}
		{E9027137-C531-4494-92D1-AF154E4BF295} = {0990F04D-0AD3-4A0E-B551-9CA220E7AAAA}
	EndGlobalSection
EndGlobal
